
Microsoft Visual Studio Solution File, Format Version 12.00
# Visual Studio Version 16
VisualStudioVersion = 16.0.29009.5
MinimumVisualStudioVersion = 10.0.40219.1
Project("{FAE04EC0-301F-11D3-BF4B-00C04F79EFBC}") = "SnippetStudio.Mobile.Android", "SnippetStudio.Mobile\SnippetStudio.Mobile.Android\SnippetStudio.Mobile.Android.csproj", "{C076DD75-F420-4DCE-955C-56FBDD0EA231}"
EndProject
Project("{FAE04EC0-301F-11D3-BF4B-00C04F79EFBC}") = "SnippetStudio.Mobile.iOS", "SnippetStudio.Mobile\SnippetStudio.Mobile.iOS\SnippetStudio.Mobile.iOS.csproj", "{5E70BB80-24E6-44D7-8BFF-02888E7E8BC3}"
EndProject
Project("{9A19103F-16F7-4668-BE54-9A1E7A4F7556}") = "SnippetStudio.Mobile", "SnippetStudio.Mobile\SnippetStudio.Mobile\SnippetStudio.Mobile.csproj", "{C02C2171-F8A4-416B-8D48-E6A622095E89}"
EndProject
Project("{9A19103F-16F7-4668-BE54-9A1E7A4F7556}") = "SnippetStudio.Contracts", "SnippetStudio.Contracts\SnippetStudio.Contracts.csproj", "{47C2FA21-5859-440C-B656-EA45EFF17DE7}"
EndProject
Project("{9A19103F-16F7-4668-BE54-9A1E7A4F7556}") = "SnippetStudio.ClientBase", "SnippetStudio.ClientBase\SnippetStudio.ClientBase.csproj", "{D8EF433B-37CD-42EB-86CA-8C14EAD00F24}"
EndProject
Project("{9A19103F-16F7-4668-BE54-9A1E7A4F7556}") = "SnippetStudio.Service", "SnippetStudio.Service\SnippetStudio.Service.csproj", "{FEFC4430-33BF-412E-979C-104763454BE3}"
EndProject
Project("{9A19103F-16F7-4668-BE54-9A1E7A4F7556}") = "SnippetStudio.Service.Test", "SnippetStudio.Service.Test\SnippetStudio.Service.Test.csproj", "{06EEC4DE-0DF4-42DF-B718-179A52950A0B}"
EndProject
Project("{FAE04EC0-301F-11D3-BF4B-00C04F79EFBC}") = "SnippetStudio.Wpf", "SnippetStudio.Wpf\SnippetStudio.Wpf.csproj", "{81A6772D-CE12-4A91-889D-AF6ECE6D2632}"
EndProject
Global
	GlobalSection(SolutionConfigurationPlatforms) = preSolution
		Ad-Hoc|Any CPU = Ad-Hoc|Any CPU
		Ad-Hoc|iPhone = Ad-Hoc|iPhone
		Ad-Hoc|iPhoneSimulator = Ad-Hoc|iPhoneSimulator
		AppStore|Any CPU = AppStore|Any CPU
		AppStore|iPhone = AppStore|iPhone
		AppStore|iPhoneSimulator = AppStore|iPhoneSimulator
		Debug|Any CPU = Debug|Any CPU
		Debug|iPhone = Debug|iPhone
		Debug|iPhoneSimulator = Debug|iPhoneSimulator
		Release|Any CPU = Release|Any CPU
		Release|iPhone = Release|iPhone
		Release|iPhoneSimulator = Release|iPhoneSimulator
	EndGlobalSection
	GlobalSection(ProjectConfigurationPlatforms) = postSolution
		{C076DD75-F420-4DCE-955C-56FBDD0EA231}.Ad-Hoc|Any CPU.ActiveCfg = Release|Any CPU
		{C076DD75-F420-4DCE-955C-56FBDD0EA231}.Ad-Hoc|Any CPU.Build.0 = Release|Any CPU
		{C076DD75-F420-4DCE-955C-56FBDD0EA231}.Ad-Hoc|Any CPU.Deploy.0 = Release|Any CPU
		{C076DD75-F420-4DCE-955C-56FBDD0EA231}.Ad-Hoc|iPhone.ActiveCfg = Release|Any CPU
		{C076DD75-F420-4DCE-955C-56FBDD0EA231}.Ad-Hoc|iPhone.Build.0 = Release|Any CPU
		{C076DD75-F420-4DCE-955C-56FBDD0EA231}.Ad-Hoc|iPhone.Deploy.0 = Release|Any CPU
		{C076DD75-F420-4DCE-955C-56FBDD0EA231}.Ad-Hoc|iPhoneSimulator.ActiveCfg = Release|Any CPU
		{C076DD75-F420-4DCE-955C-56FBDD0EA231}.Ad-Hoc|iPhoneSimulator.Build.0 = Release|Any CPU
		{C076DD75-F420-4DCE-955C-56FBDD0EA231}.Ad-Hoc|iPhoneSimulator.Deploy.0 = Release|Any CPU
		{C076DD75-F420-4DCE-955C-56FBDD0EA231}.AppStore|Any CPU.ActiveCfg = Release|Any CPU
		{C076DD75-F420-4DCE-955C-56FBDD0EA231}.AppStore|Any CPU.Build.0 = Release|Any CPU
		{C076DD75-F420-4DCE-955C-56FBDD0EA231}.AppStore|Any CPU.Deploy.0 = Release|Any CPU
		{C076DD75-F420-4DCE-955C-56FBDD0EA231}.AppStore|iPhone.ActiveCfg = Release|Any CPU
		{C076DD75-F420-4DCE-955C-56FBDD0EA231}.AppStore|iPhone.Build.0 = Release|Any CPU
		{C076DD75-F420-4DCE-955C-56FBDD0EA231}.AppStore|iPhone.Deploy.0 = Release|Any CPU
		{C076DD75-F420-4DCE-955C-56FBDD0EA231}.AppStore|iPhoneSimulator.ActiveCfg = Release|Any CPU
		{C076DD75-F420-4DCE-955C-56FBDD0EA231}.AppStore|iPhoneSimulator.Build.0 = Release|Any CPU
		{C076DD75-F420-4DCE-955C-56FBDD0EA231}.AppStore|iPhoneSimulator.Deploy.0 = Release|Any CPU
		{C076DD75-F420-4DCE-955C-56FBDD0EA231}.Debug|Any CPU.ActiveCfg = Debug|Any CPU
		{C076DD75-F420-4DCE-955C-56FBDD0EA231}.Debug|Any CPU.Build.0 = Debug|Any CPU
		{C076DD75-F420-4DCE-955C-56FBDD0EA231}.Debug|Any CPU.Deploy.0 = Debug|Any CPU
		{C076DD75-F420-4DCE-955C-56FBDD0EA231}.Debug|iPhone.ActiveCfg = Debug|Any CPU
		{C076DD75-F420-4DCE-955C-56FBDD0EA231}.Debug|iPhone.Build.0 = Debug|Any CPU
		{C076DD75-F420-4DCE-955C-56FBDD0EA231}.Debug|iPhone.Deploy.0 = Debug|Any CPU
		{C076DD75-F420-4DCE-955C-56FBDD0EA231}.Debug|iPhoneSimulator.ActiveCfg = Debug|Any CPU
		{C076DD75-F420-4DCE-955C-56FBDD0EA231}.Debug|iPhoneSimulator.Build.0 = Debug|Any CPU
		{C076DD75-F420-4DCE-955C-56FBDD0EA231}.Debug|iPhoneSimulator.Deploy.0 = Debug|Any CPU
		{C076DD75-F420-4DCE-955C-56FBDD0EA231}.Release|Any CPU.ActiveCfg = Release|Any CPU
		{C076DD75-F420-4DCE-955C-56FBDD0EA231}.Release|Any CPU.Build.0 = Release|Any CPU
		{C076DD75-F420-4DCE-955C-56FBDD0EA231}.Release|Any CPU.Deploy.0 = Release|Any CPU
		{C076DD75-F420-4DCE-955C-56FBDD0EA231}.Release|iPhone.ActiveCfg = Release|Any CPU
		{C076DD75-F420-4DCE-955C-56FBDD0EA231}.Release|iPhone.Build.0 = Release|Any CPU
		{C076DD75-F420-4DCE-955C-56FBDD0EA231}.Release|iPhone.Deploy.0 = Release|Any CPU
		{C076DD75-F420-4DCE-955C-56FBDD0EA231}.Release|iPhoneSimulator.ActiveCfg = Release|Any CPU
		{C076DD75-F420-4DCE-955C-56FBDD0EA231}.Release|iPhoneSimulator.Build.0 = Release|Any CPU
		{C076DD75-F420-4DCE-955C-56FBDD0EA231}.Release|iPhoneSimulator.Deploy.0 = Release|Any CPU
		{5E70BB80-24E6-44D7-8BFF-02888E7E8BC3}.Ad-Hoc|Any CPU.ActiveCfg = Ad-Hoc|iPhone
		{5E70BB80-24E6-44D7-8BFF-02888E7E8BC3}.Ad-Hoc|iPhone.ActiveCfg = Ad-Hoc|iPhone
		{5E70BB80-24E6-44D7-8BFF-02888E7E8BC3}.Ad-Hoc|iPhone.Build.0 = Ad-Hoc|iPhone
		{5E70BB80-24E6-44D7-8BFF-02888E7E8BC3}.Ad-Hoc|iPhoneSimulator.ActiveCfg = Ad-Hoc|iPhoneSimulator
		{5E70BB80-24E6-44D7-8BFF-02888E7E8BC3}.Ad-Hoc|iPhoneSimulator.Build.0 = Ad-Hoc|iPhoneSimulator
		{5E70BB80-24E6-44D7-8BFF-02888E7E8BC3}.AppStore|Any CPU.ActiveCfg = AppStore|iPhone
		{5E70BB80-24E6-44D7-8BFF-02888E7E8BC3}.AppStore|iPhone.ActiveCfg = AppStore|iPhone
		{5E70BB80-24E6-44D7-8BFF-02888E7E8BC3}.AppStore|iPhone.Build.0 = AppStore|iPhone
		{5E70BB80-24E6-44D7-8BFF-02888E7E8BC3}.AppStore|iPhoneSimulator.ActiveCfg = AppStore|iPhoneSimulator
		{5E70BB80-24E6-44D7-8BFF-02888E7E8BC3}.AppStore|iPhoneSimulator.Build.0 = AppStore|iPhoneSimulator
		{5E70BB80-24E6-44D7-8BFF-02888E7E8BC3}.Debug|Any CPU.ActiveCfg = Debug|iPhone
		{5E70BB80-24E6-44D7-8BFF-02888E7E8BC3}.Debug|iPhone.ActiveCfg = Debug|iPhone
		{5E70BB80-24E6-44D7-8BFF-02888E7E8BC3}.Debug|iPhone.Build.0 = Debug|iPhone
		{5E70BB80-24E6-44D7-8BFF-02888E7E8BC3}.Debug|iPhoneSimulator.ActiveCfg = Debug|iPhoneSimulator
		{5E70BB80-24E6-44D7-8BFF-02888E7E8BC3}.Debug|iPhoneSimulator.Build.0 = Debug|iPhoneSimulator
		{5E70BB80-24E6-44D7-8BFF-02888E7E8BC3}.Release|Any CPU.ActiveCfg = Release|iPhone
		{5E70BB80-24E6-44D7-8BFF-02888E7E8BC3}.Release|iPhone.ActiveCfg = Release|iPhone
		{5E70BB80-24E6-44D7-8BFF-02888E7E8BC3}.Release|iPhone.Build.0 = Release|iPhone
		{5E70BB80-24E6-44D7-8BFF-02888E7E8BC3}.Release|iPhoneSimulator.ActiveCfg = Release|iPhoneSimulator
		{5E70BB80-24E6-44D7-8BFF-02888E7E8BC3}.Release|iPhoneSimulator.Build.0 = Release|iPhoneSimulator
		{C02C2171-F8A4-416B-8D48-E6A622095E89}.Ad-Hoc|Any CPU.ActiveCfg = Debug|Any CPU
		{C02C2171-F8A4-416B-8D48-E6A622095E89}.Ad-Hoc|Any CPU.Build.0 = Debug|Any CPU
		{C02C2171-F8A4-416B-8D48-E6A622095E89}.Ad-Hoc|iPhone.ActiveCfg = Debug|Any CPU
		{C02C2171-F8A4-416B-8D48-E6A622095E89}.Ad-Hoc|iPhone.Build.0 = Debug|Any CPU
		{C02C2171-F8A4-416B-8D48-E6A622095E89}.Ad-Hoc|iPhoneSimulator.ActiveCfg = Debug|Any CPU
		{C02C2171-F8A4-416B-8D48-E6A622095E89}.Ad-Hoc|iPhoneSimulator.Build.0 = Debug|Any CPU
		{C02C2171-F8A4-416B-8D48-E6A622095E89}.AppStore|Any CPU.ActiveCfg = Debug|Any CPU
		{C02C2171-F8A4-416B-8D48-E6A622095E89}.AppStore|Any CPU.Build.0 = Debug|Any CPU
		{C02C2171-F8A4-416B-8D48-E6A622095E89}.AppStore|iPhone.ActiveCfg = Debug|Any CPU
		{C02C2171-F8A4-416B-8D48-E6A622095E89}.AppStore|iPhone.Build.0 = Debug|Any CPU
		{C02C2171-F8A4-416B-8D48-E6A622095E89}.AppStore|iPhoneSimulator.ActiveCfg = Debug|Any CPU
		{C02C2171-F8A4-416B-8D48-E6A622095E89}.AppStore|iPhoneSimulator.Build.0 = Debug|Any CPU
		{C02C2171-F8A4-416B-8D48-E6A622095E89}.Debug|Any CPU.ActiveCfg = Debug|Any CPU
		{C02C2171-F8A4-416B-8D48-E6A622095E89}.Debug|Any CPU.Build.0 = Debug|Any CPU
		{C02C2171-F8A4-416B-8D48-E6A622095E89}.Debug|iPhone.ActiveCfg = Debug|Any CPU
		{C02C2171-F8A4-416B-8D48-E6A622095E89}.Debug|iPhone.Build.0 = Debug|Any CPU
		{C02C2171-F8A4-416B-8D48-E6A622095E89}.Debug|iPhoneSimulator.ActiveCfg = Debug|Any CPU
		{C02C2171-F8A4-416B-8D48-E6A622095E89}.Debug|iPhoneSimulator.Build.0 = Debug|Any CPU
		{C02C2171-F8A4-416B-8D48-E6A622095E89}.Release|Any CPU.ActiveCfg = Release|Any CPU
		{C02C2171-F8A4-416B-8D48-E6A622095E89}.Release|Any CPU.Build.0 = Release|Any CPU
		{C02C2171-F8A4-416B-8D48-E6A622095E89}.Release|iPhone.ActiveCfg = Release|Any CPU
		{C02C2171-F8A4-416B-8D48-E6A622095E89}.Release|iPhone.Build.0 = Release|Any CPU
		{C02C2171-F8A4-416B-8D48-E6A622095E89}.Release|iPhoneSimulator.ActiveCfg = Release|Any CPU
		{C02C2171-F8A4-416B-8D48-E6A622095E89}.Release|iPhoneSimulator.Build.0 = Release|Any CPU
		{47C2FA21-5859-440C-B656-EA45EFF17DE7}.Ad-Hoc|Any CPU.ActiveCfg = Debug|Any CPU
		{47C2FA21-5859-440C-B656-EA45EFF17DE7}.Ad-Hoc|Any CPU.Build.0 = Debug|Any CPU
		{47C2FA21-5859-440C-B656-EA45EFF17DE7}.Ad-Hoc|iPhone.ActiveCfg = Debug|Any CPU
		{47C2FA21-5859-440C-B656-EA45EFF17DE7}.Ad-Hoc|iPhone.Build.0 = Debug|Any CPU
		{47C2FA21-5859-440C-B656-EA45EFF17DE7}.Ad-Hoc|iPhoneSimulator.ActiveCfg = Debug|Any CPU
		{47C2FA21-5859-440C-B656-EA45EFF17DE7}.Ad-Hoc|iPhoneSimulator.Build.0 = Debug|Any CPU
		{47C2FA21-5859-440C-B656-EA45EFF17DE7}.AppStore|Any CPU.ActiveCfg = Debug|Any CPU
		{47C2FA21-5859-440C-B656-EA45EFF17DE7}.AppStore|Any CPU.Build.0 = Debug|Any CPU
		{47C2FA21-5859-440C-B656-EA45EFF17DE7}.AppStore|iPhone.ActiveCfg = Debug|Any CPU
		{47C2FA21-5859-440C-B656-EA45EFF17DE7}.AppStore|iPhone.Build.0 = Debug|Any CPU
		{47C2FA21-5859-440C-B656-EA45EFF17DE7}.AppStore|iPhoneSimulator.ActiveCfg = Debug|Any CPU
		{47C2FA21-5859-440C-B656-EA45EFF17DE7}.AppStore|iPhoneSimulator.Build.0 = Debug|Any CPU
		{47C2FA21-5859-440C-B656-EA45EFF17DE7}.Debug|Any CPU.ActiveCfg = Debug|Any CPU
		{47C2FA21-5859-440C-B656-EA45EFF17DE7}.Debug|Any CPU.Build.0 = Debug|Any CPU
		{47C2FA21-5859-440C-B656-EA45EFF17DE7}.Debug|iPhone.ActiveCfg = Debug|Any CPU
		{47C2FA21-5859-440C-B656-EA45EFF17DE7}.Debug|iPhone.Build.0 = Debug|Any CPU
		{47C2FA21-5859-440C-B656-EA45EFF17DE7}.Debug|iPhoneSimulator.ActiveCfg = Debug|Any CPU
		{47C2FA21-5859-440C-B656-EA45EFF17DE7}.Debug|iPhoneSimulator.Build.0 = Debug|Any CPU
		{47C2FA21-5859-440C-B656-EA45EFF17DE7}.Release|Any CPU.ActiveCfg = Release|Any CPU
		{47C2FA21-5859-440C-B656-EA45EFF17DE7}.Release|Any CPU.Build.0 = Release|Any CPU
		{47C2FA21-5859-440C-B656-EA45EFF17DE7}.Release|iPhone.ActiveCfg = Release|Any CPU
		{47C2FA21-5859-440C-B656-EA45EFF17DE7}.Release|iPhone.Build.0 = Release|Any CPU
		{47C2FA21-5859-440C-B656-EA45EFF17DE7}.Release|iPhoneSimulator.ActiveCfg = Release|Any CPU
		{47C2FA21-5859-440C-B656-EA45EFF17DE7}.Release|iPhoneSimulator.Build.0 = Release|Any CPU
		{D8EF433B-37CD-42EB-86CA-8C14EAD00F24}.Ad-Hoc|Any CPU.ActiveCfg = Debug|Any CPU
		{D8EF433B-37CD-42EB-86CA-8C14EAD00F24}.Ad-Hoc|Any CPU.Build.0 = Debug|Any CPU
		{D8EF433B-37CD-42EB-86CA-8C14EAD00F24}.Ad-Hoc|iPhone.ActiveCfg = Debug|Any CPU
		{D8EF433B-37CD-42EB-86CA-8C14EAD00F24}.Ad-Hoc|iPhone.Build.0 = Debug|Any CPU
		{D8EF433B-37CD-42EB-86CA-8C14EAD00F24}.Ad-Hoc|iPhoneSimulator.ActiveCfg = Debug|Any CPU
		{D8EF433B-37CD-42EB-86CA-8C14EAD00F24}.Ad-Hoc|iPhoneSimulator.Build.0 = Debug|Any CPU
		{D8EF433B-37CD-42EB-86CA-8C14EAD00F24}.AppStore|Any CPU.ActiveCfg = Debug|Any CPU
		{D8EF433B-37CD-42EB-86CA-8C14EAD00F24}.AppStore|Any CPU.Build.0 = Debug|Any CPU
		{D8EF433B-37CD-42EB-86CA-8C14EAD00F24}.AppStore|iPhone.ActiveCfg = Debug|Any CPU
		{D8EF433B-37CD-42EB-86CA-8C14EAD00F24}.AppStore|iPhone.Build.0 = Debug|Any CPU
		{D8EF433B-37CD-42EB-86CA-8C14EAD00F24}.AppStore|iPhoneSimulator.ActiveCfg = Debug|Any CPU
		{D8EF433B-37CD-42EB-86CA-8C14EAD00F24}.AppStore|iPhoneSimulator.Build.0 = Debug|Any CPU
		{D8EF433B-37CD-42EB-86CA-8C14EAD00F24}.Debug|Any CPU.ActiveCfg = Debug|Any CPU
		{D8EF433B-37CD-42EB-86CA-8C14EAD00F24}.Debug|Any CPU.Build.0 = Debug|Any CPU
		{D8EF433B-37CD-42EB-86CA-8C14EAD00F24}.Debug|iPhone.ActiveCfg = Debug|Any CPU
		{D8EF433B-37CD-42EB-86CA-8C14EAD00F24}.Debug|iPhone.Build.0 = Debug|Any CPU
		{D8EF433B-37CD-42EB-86CA-8C14EAD00F24}.Debug|iPhoneSimulator.ActiveCfg = Debug|Any CPU
		{D8EF433B-37CD-42EB-86CA-8C14EAD00F24}.Debug|iPhoneSimulator.Build.0 = Debug|Any CPU
		{D8EF433B-37CD-42EB-86CA-8C14EAD00F24}.Release|Any CPU.ActiveCfg = Release|Any CPU
		{D8EF433B-37CD-42EB-86CA-8C14EAD00F24}.Release|Any CPU.Build.0 = Release|Any CPU
		{D8EF433B-37CD-42EB-86CA-8C14EAD00F24}.Release|iPhone.ActiveCfg = Release|Any CPU
		{D8EF433B-37CD-42EB-86CA-8C14EAD00F24}.Release|iPhone.Build.0 = Release|Any CPU
		{D8EF433B-37CD-42EB-86CA-8C14EAD00F24}.Release|iPhoneSimulator.ActiveCfg = Release|Any CPU
		{D8EF433B-37CD-42EB-86CA-8C14EAD00F24}.Release|iPhoneSimulator.Build.0 = Release|Any CPU
		{FEFC4430-33BF-412E-979C-104763454BE3}.Ad-Hoc|Any CPU.ActiveCfg = Debug|Any CPU
		{FEFC4430-33BF-412E-979C-104763454BE3}.Ad-Hoc|Any CPU.Build.0 = Debug|Any CPU
		{FEFC4430-33BF-412E-979C-104763454BE3}.Ad-Hoc|iPhone.ActiveCfg = Debug|Any CPU
		{FEFC4430-33BF-412E-979C-104763454BE3}.Ad-Hoc|iPhone.Build.0 = Debug|Any CPU
		{FEFC4430-33BF-412E-979C-104763454BE3}.Ad-Hoc|iPhoneSimulator.ActiveCfg = Debug|Any CPU
		{FEFC4430-33BF-412E-979C-104763454BE3}.Ad-Hoc|iPhoneSimulator.Build.0 = Debug|Any CPU
		{FEFC4430-33BF-412E-979C-104763454BE3}.AppStore|Any CPU.ActiveCfg = Debug|Any CPU
		{FEFC4430-33BF-412E-979C-104763454BE3}.AppStore|Any CPU.Build.0 = Debug|Any CPU
		{FEFC4430-33BF-412E-979C-104763454BE3}.AppStore|iPhone.ActiveCfg = Debug|Any CPU
		{FEFC4430-33BF-412E-979C-104763454BE3}.AppStore|iPhone.Build.0 = Debug|Any CPU
		{FEFC4430-33BF-412E-979C-104763454BE3}.AppStore|iPhoneSimulator.ActiveCfg = Debug|Any CPU
		{FEFC4430-33BF-412E-979C-104763454BE3}.AppStore|iPhoneSimulator.Build.0 = Debug|Any CPU
		{FEFC4430-33BF-412E-979C-104763454BE3}.Debug|Any CPU.ActiveCfg = Debug|Any CPU
		{FEFC4430-33BF-412E-979C-104763454BE3}.Debug|Any CPU.Build.0 = Debug|Any CPU
		{FEFC4430-33BF-412E-979C-104763454BE3}.Debug|iPhone.ActiveCfg = Debug|Any CPU
		{FEFC4430-33BF-412E-979C-104763454BE3}.Debug|iPhone.Build.0 = Debug|Any CPU
		{FEFC4430-33BF-412E-979C-104763454BE3}.Debug|iPhoneSimulator.ActiveCfg = Debug|Any CPU
		{FEFC4430-33BF-412E-979C-104763454BE3}.Debug|iPhoneSimulator.Build.0 = Debug|Any CPU
		{FEFC4430-33BF-412E-979C-104763454BE3}.Release|Any CPU.ActiveCfg = Release|Any CPU
		{FEFC4430-33BF-412E-979C-104763454BE3}.Release|Any CPU.Build.0 = Release|Any CPU
		{FEFC4430-33BF-412E-979C-104763454BE3}.Release|iPhone.ActiveCfg = Release|Any CPU
		{FEFC4430-33BF-412E-979C-104763454BE3}.Release|iPhone.Build.0 = Release|Any CPU
		{FEFC4430-33BF-412E-979C-104763454BE3}.Release|iPhoneSimulator.ActiveCfg = Release|Any CPU
		{FEFC4430-33BF-412E-979C-104763454BE3}.Release|iPhoneSimulator.Build.0 = Release|Any CPU
		{06EEC4DE-0DF4-42DF-B718-179A52950A0B}.Ad-Hoc|Any CPU.ActiveCfg = Debug|Any CPU
		{06EEC4DE-0DF4-42DF-B718-179A52950A0B}.Ad-Hoc|Any CPU.Build.0 = Debug|Any CPU
		{06EEC4DE-0DF4-42DF-B718-179A52950A0B}.Ad-Hoc|iPhone.ActiveCfg = Debug|Any CPU
		{06EEC4DE-0DF4-42DF-B718-179A52950A0B}.Ad-Hoc|iPhone.Build.0 = Debug|Any CPU
		{06EEC4DE-0DF4-42DF-B718-179A52950A0B}.Ad-Hoc|iPhoneSimulator.ActiveCfg = Debug|Any CPU
		{06EEC4DE-0DF4-42DF-B718-179A52950A0B}.Ad-Hoc|iPhoneSimulator.Build.0 = Debug|Any CPU
		{06EEC4DE-0DF4-42DF-B718-179A52950A0B}.AppStore|Any CPU.ActiveCfg = Debug|Any CPU
		{06EEC4DE-0DF4-42DF-B718-179A52950A0B}.AppStore|Any CPU.Build.0 = Debug|Any CPU
		{06EEC4DE-0DF4-42DF-B718-179A52950A0B}.AppStore|iPhone.ActiveCfg = Debug|Any CPU
		{06EEC4DE-0DF4-42DF-B718-179A52950A0B}.AppStore|iPhone.Build.0 = Debug|Any CPU
		{06EEC4DE-0DF4-42DF-B718-179A52950A0B}.AppStore|iPhoneSimulator.ActiveCfg = Debug|Any CPU
		{06EEC4DE-0DF4-42DF-B718-179A52950A0B}.AppStore|iPhoneSimulator.Build.0 = Debug|Any CPU
		{06EEC4DE-0DF4-42DF-B718-179A52950A0B}.Debug|Any CPU.ActiveCfg = Debug|Any CPU
		{06EEC4DE-0DF4-42DF-B718-179A52950A0B}.Debug|Any CPU.Build.0 = Debug|Any CPU
		{06EEC4DE-0DF4-42DF-B718-179A52950A0B}.Debug|iPhone.ActiveCfg = Debug|Any CPU
		{06EEC4DE-0DF4-42DF-B718-179A52950A0B}.Debug|iPhone.Build.0 = Debug|Any CPU
		{06EEC4DE-0DF4-42DF-B718-179A52950A0B}.Debug|iPhoneSimulator.ActiveCfg = Debug|Any CPU
		{06EEC4DE-0DF4-42DF-B718-179A52950A0B}.Debug|iPhoneSimulator.Build.0 = Debug|Any CPU
		{06EEC4DE-0DF4-42DF-B718-179A52950A0B}.Release|Any CPU.ActiveCfg = Release|Any CPU
		{06EEC4DE-0DF4-42DF-B718-179A52950A0B}.Release|Any CPU.Build.0 = Release|Any CPU
		{06EEC4DE-0DF4-42DF-B718-179A52950A0B}.Release|iPhone.ActiveCfg = Release|Any CPU
		{06EEC4DE-0DF4-42DF-B718-179A52950A0B}.Release|iPhone.Build.0 = Release|Any CPU
		{06EEC4DE-0DF4-42DF-B718-179A52950A0B}.Release|iPhoneSimulator.ActiveCfg = Release|Any CPU
		{06EEC4DE-0DF4-42DF-B718-179A52950A0B}.Release|iPhoneSimulator.Build.0 = Release|Any CPU
		{81A6772D-CE12-4A91-889D-AF6ECE6D2632}.Ad-Hoc|Any CPU.ActiveCfg = Debug|Any CPU
		{81A6772D-CE12-4A91-889D-AF6ECE6D2632}.Ad-Hoc|Any CPU.Build.0 = Debug|Any CPU
		{81A6772D-CE12-4A91-889D-AF6ECE6D2632}.Ad-Hoc|iPhone.ActiveCfg = Debug|Any CPU
		{81A6772D-CE12-4A91-889D-AF6ECE6D2632}.Ad-Hoc|iPhone.Build.0 = Debug|Any CPU
		{81A6772D-CE12-4A91-889D-AF6ECE6D2632}.Ad-Hoc|iPhoneSimulator.ActiveCfg = Debug|Any CPU
		{81A6772D-CE12-4A91-889D-AF6ECE6D2632}.Ad-Hoc|iPhoneSimulator.Build.0 = Debug|Any CPU
		{81A6772D-CE12-4A91-889D-AF6ECE6D2632}.AppStore|Any CPU.ActiveCfg = Debug|Any CPU
		{81A6772D-CE12-4A91-889D-AF6ECE6D2632}.AppStore|Any CPU.Build.0 = Debug|Any CPU
		{81A6772D-CE12-4A91-889D-AF6ECE6D2632}.AppStore|iPhone.ActiveCfg = Debug|Any CPU
		{81A6772D-CE12-4A91-889D-AF6ECE6D2632}.AppStore|iPhone.Build.0 = Debug|Any CPU
		{81A6772D-CE12-4A91-889D-AF6ECE6D2632}.AppStore|iPhoneSimulator.ActiveCfg = Debug|Any CPU
		{81A6772D-CE12-4A91-889D-AF6ECE6D2632}.AppStore|iPhoneSimulator.Build.0 = Debug|Any CPU
		{81A6772D-CE12-4A91-889D-AF6ECE6D2632}.Debug|Any CPU.ActiveCfg = Debug|Any CPU
		{81A6772D-CE12-4A91-889D-AF6ECE6D2632}.Debug|Any CPU.Build.0 = Debug|Any CPU
		{81A6772D-CE12-4A91-889D-AF6ECE6D2632}.Debug|iPhone.ActiveCfg = Debug|Any CPU
		{81A6772D-CE12-4A91-889D-AF6ECE6D2632}.Debug|iPhone.Build.0 = Debug|Any CPU
		{81A6772D-CE12-4A91-889D-AF6ECE6D2632}.Debug|iPhoneSimulator.ActiveCfg = Debug|Any CPU
		{81A6772D-CE12-4A91-889D-AF6ECE6D2632}.Debug|iPhoneSimulator.Build.0 = Debug|Any CPU
		{81A6772D-CE12-4A91-889D-AF6ECE6D2632}.Release|Any CPU.ActiveCfg = Release|Any CPU
		{81A6772D-CE12-4A91-889D-AF6ECE6D2632}.Release|Any CPU.Build.0 = Release|Any CPU
		{81A6772D-CE12-4A91-889D-AF6ECE6D2632}.Release|iPhone.ActiveCfg = Release|Any CPU
		{81A6772D-CE12-4A91-889D-AF6ECE6D2632}.Release|iPhone.Build.0 = Release|Any CPU
		{81A6772D-CE12-4A91-889D-AF6ECE6D2632}.Release|iPhoneSimulator.ActiveCfg = Release|Any CPU
		{81A6772D-CE12-4A91-889D-AF6ECE6D2632}.Release|iPhoneSimulator.Build.0 = Release|Any CPU
	EndGlobalSection
	GlobalSection(SolutionProperties) = preSolution
		HideSolutionNode = FALSE
	EndGlobalSection
	GlobalSection(ExtensibilityGlobals) = postSolution
		SolutionGuid = {C5B9A60D-1857-4535-9CE4-5AFDB1F24EAB}
	EndGlobalSection
EndGlobal
